// !$*UTF8*$!
{
	archiveVersion = 1;
	classes = {
	};
	objectVersion = 50;
	objects = {

/* Begin PBXBuildFile section */
		BA1691C226FBEABD004045D2 /* DataPosts.swift in Sources */ = {isa = PBXBuildFile; fileRef = BA1691C126FBEABD004045D2 /* DataPosts.swift */; };
		BA23017626DD5CB80084F70F /* AppDelegate.swift in Sources */ = {isa = PBXBuildFile; fileRef = BA23017526DD5CB80084F70F /* AppDelegate.swift */; };
		BA23017826DD5CB80084F70F /* SceneDelegate.swift in Sources */ = {isa = PBXBuildFile; fileRef = BA23017726DD5CB80084F70F /* SceneDelegate.swift */; };
		BA23017A26DD5CB80084F70F /* AuthViewController.swift in Sources */ = {isa = PBXBuildFile; fileRef = BA23017926DD5CB80084F70F /* AuthViewController.swift */; };
		BA23017D26DD5CB80084F70F /* Main.storyboard in Resources */ = {isa = PBXBuildFile; fileRef = BA23017B26DD5CB80084F70F /* Main.storyboard */; };
		BA23017F26DD5CC80084F70F /* Assets.xcassets in Resources */ = {isa = PBXBuildFile; fileRef = BA23017E26DD5CC80084F70F /* Assets.xcassets */; };
		BA23018226DD5CC80084F70F /* LaunchScreen.storyboard in Resources */ = {isa = PBXBuildFile; fileRef = BA23018026DD5CC80084F70F /* LaunchScreen.storyboard */; };
		BA9746EA26E158E100823958 /* ProfileViewController.swift in Sources */ = {isa = PBXBuildFile; fileRef = BA9746E926E158E100823958 /* ProfileViewController.swift */; };
		BA9746EF26E1E92200823958 /* NewsTableViewCell.swift in Sources */ = {isa = PBXBuildFile; fileRef = BA9746ED26E1E92200823958 /* NewsTableViewCell.swift */; };
		BA9746F026E1E92200823958 /* NewsTableViewCell.xib in Resources */ = {isa = PBXBuildFile; fileRef = BA9746EE26E1E92200823958 /* NewsTableViewCell.xib */; };
		BACA4EFF26DD7FBA00E4D795 /* TableViewCell.swift in Sources */ = {isa = PBXBuildFile; fileRef = BACA4EFD26DD7FBA00E4D795 /* TableViewCell.swift */; };
		BACA4F0026DD7FBA00E4D795 /* TableViewCell.xib in Resources */ = {isa = PBXBuildFile; fileRef = BACA4EFE26DD7FBA00E4D795 /* TableViewCell.xib */; };
		BACA4F0526DD86B400E4D795 /* GroupsViewController.swift in Sources */ = {isa = PBXBuildFile; fileRef = BACA4F0426DD86B400E4D795 /* GroupsViewController.swift */; };
		BACA4F0926DD8D1200E4D795 /* CustomCollectionViewCell.swift in Sources */ = {isa = PBXBuildFile; fileRef = BACA4F0726DD8D1200E4D795 /* CustomCollectionViewCell.swift */; };
		BACA4F0A26DD8D1200E4D795 /* CustomCollectionViewCell.xib in Resources */ = {isa = PBXBuildFile; fileRef = BACA4F0826DD8D1200E4D795 /* CustomCollectionViewCell.xib */; };
		BACA4F0D26DD913400E4D795 /* User.swift in Sources */ = {isa = PBXBuildFile; fileRef = BACA4F0C26DD913400E4D795 /* User.swift */; };
		BACA4F0F26DD91A300E4D795 /* Group.swift in Sources */ = {isa = PBXBuildFile; fileRef = BACA4F0E26DD91A300E4D795 /* Group.swift */; };
		BACA4F1126DD979E00E4D795 /* SearchViewController.swift in Sources */ = {isa = PBXBuildFile; fileRef = BACA4F1026DD979E00E4D795 /* SearchViewController.swift */; };
		BACA4F1426DDA7D200E4D795 /* FriendsViewController.swift in Sources */ = {isa = PBXBuildFile; fileRef = BACA4F1326DDA7D200E4D795 /* FriendsViewController.swift */; };
		BACA4F1626DDA7DC00E4D795 /* PhotosViewController.swift in Sources */ = {isa = PBXBuildFile; fileRef = BACA4F1526DDA7DC00E4D795 /* PhotosViewController.swift */; };
		BACA4F1C26DFEAD000E4D795 /* NewsViewController.swift in Sources */ = {isa = PBXBuildFile; fileRef = BACA4F1B26DFEAD000E4D795 /* NewsViewController.swift */; };
		BACA4F1E26DFEBB000E4D795 /* PostNewsfeed.swift in Sources */ = {isa = PBXBuildFile; fileRef = BACA4F1D26DFEBB000E4D795 /* PostNewsfeed.swift */; };
		BACA4F2026DFED4200E4D795 /* CustomControl.swift in Sources */ = {isa = PBXBuildFile; fileRef = BACA4F1F26DFED4200E4D795 /* CustomControl.swift */; };
/* End PBXBuildFile section */

/* Begin PBXFileReference section */
		BA1691C126FBEABD004045D2 /* DataPosts.swift */ = {isa = PBXFileReference; lastKnownFileType = sourcecode.swift; path = DataPosts.swift; sourceTree = "<group>"; };
		BA23017226DD5CB80084F70F /* VK-StoryBoard.app */ = {isa = PBXFileReference; explicitFileType = wrapper.application; includeInIndex = 0; path = "VK-StoryBoard.app"; sourceTree = BUILT_PRODUCTS_DIR; };
		BA23017526DD5CB80084F70F /* AppDelegate.swift */ = {isa = PBXFileReference; lastKnownFileType = sourcecode.swift; path = AppDelegate.swift; sourceTree = "<group>"; };
		BA23017726DD5CB80084F70F /* SceneDelegate.swift */ = {isa = PBXFileReference; lastKnownFileType = sourcecode.swift; path = SceneDelegate.swift; sourceTree = "<group>"; };
		BA23017926DD5CB80084F70F /* AuthViewController.swift */ = {isa = PBXFileReference; lastKnownFileType = sourcecode.swift; path = AuthViewController.swift; sourceTree = "<group>"; };
		BA23017C26DD5CB80084F70F /* Base */ = {isa = PBXFileReference; lastKnownFileType = file.storyboard; name = Base; path = Base.lproj/Main.storyboard; sourceTree = "<group>"; };
		BA23017E26DD5CC80084F70F /* Assets.xcassets */ = {isa = PBXFileReference; lastKnownFileType = folder.assetcatalog; path = Assets.xcassets; sourceTree = "<group>"; };
		BA23018126DD5CC80084F70F /* Base */ = {isa = PBXFileReference; lastKnownFileType = file.storyboard; name = Base; path = Base.lproj/LaunchScreen.storyboard; sourceTree = "<group>"; };
		BA23018326DD5CC80084F70F /* Info.plist */ = {isa = PBXFileReference; lastKnownFileType = text.plist.xml; path = Info.plist; sourceTree = "<group>"; };
		BA9746E926E158E100823958 /* ProfileViewController.swift */ = {isa = PBXFileReference; lastKnownFileType = sourcecode.swift; path = ProfileViewController.swift; sourceTree = "<group>"; };
		BA9746ED26E1E92200823958 /* NewsTableViewCell.swift */ = {isa = PBXFileReference; lastKnownFileType = sourcecode.swift; path = NewsTableViewCell.swift; sourceTree = "<group>"; };
		BA9746EE26E1E92200823958 /* NewsTableViewCell.xib */ = {isa = PBXFileReference; lastKnownFileType = file.xib; path = NewsTableViewCell.xib; sourceTree = "<group>"; };
		BACA4EFD26DD7FBA00E4D795 /* TableViewCell.swift */ = {isa = PBXFileReference; lastKnownFileType = sourcecode.swift; path = TableViewCell.swift; sourceTree = "<group>"; };
		BACA4EFE26DD7FBA00E4D795 /* TableViewCell.xib */ = {isa = PBXFileReference; lastKnownFileType = file.xib; path = TableViewCell.xib; sourceTree = "<group>"; };
		BACA4F0426DD86B400E4D795 /* GroupsViewController.swift */ = {isa = PBXFileReference; lastKnownFileType = sourcecode.swift; path = GroupsViewController.swift; sourceTree = "<group>"; };
		BACA4F0726DD8D1200E4D795 /* CustomCollectionViewCell.swift */ = {isa = PBXFileReference; lastKnownFileType = sourcecode.swift; path = CustomCollectionViewCell.swift; sourceTree = "<group>"; };
		BACA4F0826DD8D1200E4D795 /* CustomCollectionViewCell.xib */ = {isa = PBXFileReference; lastKnownFileType = file.xib; path = CustomCollectionViewCell.xib; sourceTree = "<group>"; };
		BACA4F0C26DD913400E4D795 /* User.swift */ = {isa = PBXFileReference; lastKnownFileType = sourcecode.swift; path = User.swift; sourceTree = "<group>"; };
		BACA4F0E26DD91A300E4D795 /* Group.swift */ = {isa = PBXFileReference; lastKnownFileType = sourcecode.swift; path = Group.swift; sourceTree = "<group>"; };
		BACA4F1026DD979E00E4D795 /* SearchViewController.swift */ = {isa = PBXFileReference; lastKnownFileType = sourcecode.swift; path = SearchViewController.swift; sourceTree = "<group>"; };
		BACA4F1326DDA7D200E4D795 /* FriendsViewController.swift */ = {isa = PBXFileReference; lastKnownFileType = sourcecode.swift; path = FriendsViewController.swift; sourceTree = "<group>"; };
		BACA4F1526DDA7DC00E4D795 /* PhotosViewController.swift */ = {isa = PBXFileReference; lastKnownFileType = sourcecode.swift; path = PhotosViewController.swift; sourceTree = "<group>"; };
		BACA4F1B26DFEAD000E4D795 /* NewsViewController.swift */ = {isa = PBXFileReference; lastKnownFileType = sourcecode.swift; path = NewsViewController.swift; sourceTree = "<group>"; };
		BACA4F1D26DFEBB000E4D795 /* PostNewsfeed.swift */ = {isa = PBXFileReference; lastKnownFileType = sourcecode.swift; path = PostNewsfeed.swift; sourceTree = "<group>"; };
		BACA4F1F26DFED4200E4D795 /* CustomControl.swift */ = {isa = PBXFileReference; lastKnownFileType = sourcecode.swift; path = CustomControl.swift; sourceTree = "<group>"; };
/* End PBXFileReference section */

/* Begin PBXFrameworksBuildPhase section */
		BA23016F26DD5CB70084F70F /* Frameworks */ = {
			isa = PBXFrameworksBuildPhase;
			buildActionMask = 2147483647;
			files = (
			);
			runOnlyForDeploymentPostprocessing = 0;
		};
/* End PBXFrameworksBuildPhase section */

/* Begin PBXGroup section */
		BA23016926DD5CB70084F70F = {
			isa = PBXGroup;
			children = (
				BA23017426DD5CB80084F70F /* VK-StoryBoard */,
				BA23017326DD5CB80084F70F /* Products */,
			);
			sourceTree = "<group>";
		};
		BA23017326DD5CB80084F70F /* Products */ = {
			isa = PBXGroup;
			children = (
				BA23017226DD5CB80084F70F /* VK-StoryBoard.app */,
			);
			name = Products;
			sourceTree = "<group>";
		};
		BA23017426DD5CB80084F70F /* VK-StoryBoard */ = {
			isa = PBXGroup;
			children = (
				BA9746E826E158A400823958 /* ProfileViewController */,
				BACA4F1A26DFEAB700E4D795 /* NewsViewController */,
				BACA4F1226DDA7B600E4D795 /* FriendsViewController */,
				BACA4F0B26DD912100E4D795 /* Model */,
				BACA4F0626DD8CE800E4D795 /* CollectionViewCell */,
				BACA4F0326DD863F00E4D795 /* TableViewCell */,
				BACA4F0226DD862600E4D795 /* GroupsViewController */,
				BACA4F0126DD861B00E4D795 /* Auth */,
				BA23017526DD5CB80084F70F /* AppDelegate.swift */,
				BA23017726DD5CB80084F70F /* SceneDelegate.swift */,
				BA23017B26DD5CB80084F70F /* Main.storyboard */,
				BA23017E26DD5CC80084F70F /* Assets.xcassets */,
				BA23018026DD5CC80084F70F /* LaunchScreen.storyboard */,
				BA23018326DD5CC80084F70F /* Info.plist */,
				BACA4F1F26DFED4200E4D795 /* CustomControl.swift */,
			);
			path = "VK-StoryBoard";
			sourceTree = "<group>";
		};
		BA9746E826E158A400823958 /* ProfileViewController */ = {
			isa = PBXGroup;
			children = (
				BA9746E926E158E100823958 /* ProfileViewController.swift */,
			);
			path = ProfileViewController;
			sourceTree = "<group>";
		};
		BACA4F0126DD861B00E4D795 /* Auth */ = {
			isa = PBXGroup;
			children = (
				BA23017926DD5CB80084F70F /* AuthViewController.swift */,
			);
			path = Auth;
			sourceTree = "<group>";
		};
		BACA4F0226DD862600E4D795 /* GroupsViewController */ = {
			isa = PBXGroup;
			children = (
				BACA4F0426DD86B400E4D795 /* GroupsViewController.swift */,
				BACA4F1026DD979E00E4D795 /* SearchViewController.swift */,
			);
			path = GroupsViewController;
			sourceTree = "<group>";
		};
		BACA4F0326DD863F00E4D795 /* TableViewCell */ = {
			isa = PBXGroup;
			children = (
				BACA4EFD26DD7FBA00E4D795 /* TableViewCell.swift */,
				BACA4EFE26DD7FBA00E4D795 /* TableViewCell.xib */,
			);
			path = TableViewCell;
			sourceTree = "<group>";
		};
		BACA4F0626DD8CE800E4D795 /* CollectionViewCell */ = {
			isa = PBXGroup;
			children = (
				BACA4F0726DD8D1200E4D795 /* CustomCollectionViewCell.swift */,
				BACA4F0826DD8D1200E4D795 /* CustomCollectionViewCell.xib */,
			);
			path = CollectionViewCell;
			sourceTree = "<group>";
		};
		BACA4F0B26DD912100E4D795 /* Model */ = {
			isa = PBXGroup;
			children = (
				BACA4F0C26DD913400E4D795 /* User.swift */,
				BACA4F0E26DD91A300E4D795 /* Group.swift */,
				BACA4F1D26DFEBB000E4D795 /* PostNewsfeed.swift */,
			);
			path = Model;
			sourceTree = "<group>";
		};
		BACA4F1226DDA7B600E4D795 /* FriendsViewController */ = {
			isa = PBXGroup;
			children = (
				BACA4F1326DDA7D200E4D795 /* FriendsViewController.swift */,
				BACA4F1526DDA7DC00E4D795 /* PhotosViewController.swift */,
			);
			path = FriendsViewController;
			sourceTree = "<group>";
		};
		BACA4F1A26DFEAB700E4D795 /* NewsViewController */ = {
			isa = PBXGroup;
			children = (
				BA9746ED26E1E92200823958 /* NewsTableViewCell.swift */,
				BACA4F1B26DFEAD000E4D795 /* NewsViewController.swift */,
				BA9746EE26E1E92200823958 /* NewsTableViewCell.xib */,
				BA1691C126FBEABD004045D2 /* DataPosts.swift */,
			);
			path = NewsViewController;
			sourceTree = "<group>";
		};
/* End PBXGroup section */

/* Begin PBXNativeTarget section */
		BA23017126DD5CB70084F70F /* VK-StoryBoard */ = {
			isa = PBXNativeTarget;
			buildConfigurationList = BA23018626DD5CC80084F70F /* Build configuration list for PBXNativeTarget "VK-StoryBoard" */;
			buildPhases = (
				BA23016E26DD5CB70084F70F /* Sources */,
				BA23016F26DD5CB70084F70F /* Frameworks */,
				BA23017026DD5CB70084F70F /* Resources */,
			);
			buildRules = (
			);
			dependencies = (
			);
			name = "VK-StoryBoard";
			productName = "VK-StoryBoard";
			productReference = BA23017226DD5CB80084F70F /* VK-StoryBoard.app */;
			productType = "com.apple.product-type.application";
		};
/* End PBXNativeTarget section */

/* Begin PBXProject section */
		BA23016A26DD5CB70084F70F /* Project object */ = {
			isa = PBXProject;
			attributes = {
				LastSwiftUpdateCheck = 1250;
				LastUpgradeCheck = 1250;
				TargetAttributes = {
					BA23017126DD5CB70084F70F = {
						CreatedOnToolsVersion = 12.5.1;
					};
				};
			};
			buildConfigurationList = BA23016D26DD5CB70084F70F /* Build configuration list for PBXProject "VK-StoryBoard" */;
			compatibilityVersion = "Xcode 9.3";
			developmentRegion = en;
			hasScannedForEncodings = 0;
			knownRegions = (
				en,
				Base,
			);
			mainGroup = BA23016926DD5CB70084F70F;
			productRefGroup = BA23017326DD5CB80084F70F /* Products */;
			projectDirPath = "";
			projectRoot = "";
			targets = (
				BA23017126DD5CB70084F70F /* VK-StoryBoard */,
			);
		};
/* End PBXProject section */

/* Begin PBXResourcesBuildPhase section */
		BA23017026DD5CB70084F70F /* Resources */ = {
			isa = PBXResourcesBuildPhase;
			buildActionMask = 2147483647;
			files = (
				BA23018226DD5CC80084F70F /* LaunchScreen.storyboard in Resources */,
				BACA4F0026DD7FBA00E4D795 /* TableViewCell.xib in Resources */,
				BA23017F26DD5CC80084F70F /* Assets.xcassets in Resources */,
				BACA4F0A26DD8D1200E4D795 /* CustomCollectionViewCell.xib in Resources */,
				BA9746F026E1E92200823958 /* NewsTableViewCell.xib in Resources */,
				BA23017D26DD5CB80084F70F /* Main.storyboard in Resources */,
			);
			runOnlyForDeploymentPostprocessing = 0;
		};
/* End PBXResourcesBuildPhase section */

/* Begin PBXSourcesBuildPhase section */
		BA23016E26DD5CB70084F70F /* Sources */ = {
			isa = PBXSourcesBuildPhase;
			buildActionMask = 2147483647;
			files = (
				BA23017A26DD5CB80084F70F /* AuthViewController.swift in Sources */,
				BACA4F1626DDA7DC00E4D795 /* PhotosViewController.swift in Sources */,
				BA9746EF26E1E92200823958 /* NewsTableViewCell.swift in Sources */,
				BA1691C226FBEABD004045D2 /* DataPosts.swift in Sources */,
				BACA4F0926DD8D1200E4D795 /* CustomCollectionViewCell.swift in Sources */,
				BACA4F1C26DFEAD000E4D795 /* NewsViewController.swift in Sources */,
				BACA4F2026DFED4200E4D795 /* CustomControl.swift in Sources */,
				BACA4EFF26DD7FBA00E4D795 /* TableViewCell.swift in Sources */,
				BACA4F1126DD979E00E4D795 /* SearchViewController.swift in Sources */,
				BACA4F1E26DFEBB000E4D795 /* PostNewsfeed.swift in Sources */,
				BACA4F0F26DD91A300E4D795 /* Group.swift in Sources */,
				BA23017626DD5CB80084F70F /* AppDelegate.swift in Sources */,
				BACA4F1426DDA7D200E4D795 /* FriendsViewController.swift in Sources */,
				BA23017826DD5CB80084F70F /* SceneDelegate.swift in Sources */,
				BA9746EA26E158E100823958 /* ProfileViewController.swift in Sources */,
				BACA4F0526DD86B400E4D795 /* GroupsViewController.swift in Sources */,
				BACA4F0D26DD913400E4D795 /* User.swift in Sources */,
			);
			runOnlyForDeploymentPostprocessing = 0;
		};
/* End PBXSourcesBuildPhase section */

/* Begin PBXVariantGroup section */
		BA23017B26DD5CB80084F70F /* Main.storyboard */ = {
			isa = PBXVariantGroup;
			children = (
				BA23017C26DD5CB80084F70F /* Base */,
			);
			name = Main.storyboard;
			sourceTree = "<group>";
		};
		BA23018026DD5CC80084F70F /* LaunchScreen.storyboard */ = {
			isa = PBXVariantGroup;
			children = (
				BA23018126DD5CC80084F70F /* Base */,
			);
			name = LaunchScreen.storyboard;
			sourceTree = "<group>";
		};
/* End PBXVariantGroup section */

/* Begin XCBuildConfiguration section */
		BA23018426DD5CC80084F70F /* Debug */ = {
			isa = XCBuildConfiguration;
			buildSettings = {
				ALWAYS_SEARCH_USER_PATHS = NO;
				CLANG_ANALYZER_NONNULL = YES;
				CLANG_ANALYZER_NUMBER_OBJECT_CONVERSION = YES_AGGRESSIVE;
				CLANG_CXX_LANGUAGE_STANDARD = "gnu++14";
				CLANG_CXX_LIBRARY = "libc++";
				CLANG_ENABLE_MODULES = YES;
				CLANG_ENABLE_OBJC_ARC = YES;
				CLANG_ENABLE_OBJC_WEAK = YES;
				CLANG_WARN_BLOCK_CAPTURE_AUTORELEASING = YES;
				CLANG_WARN_BOOL_CONVERSION = YES;
				CLANG_WARN_COMMA = YES;
				CLANG_WARN_CONSTANT_CONVERSION = YES;
				CLANG_WARN_DEPRECATED_OBJC_IMPLEMENTATIONS = YES;
				CLANG_WARN_DIRECT_OBJC_ISA_USAGE = YES_ERROR;
				CLANG_WARN_DOCUMENTATION_COMMENTS = YES;
				CLANG_WARN_EMPTY_BODY = YES;
				CLANG_WARN_ENUM_CONVERSION = YES;
				CLANG_WARN_INFINITE_RECURSION = YES;
				CLANG_WARN_INT_CONVERSION = YES;
				CLANG_WARN_NON_LITERAL_NULL_CONVERSION = YES;
				CLANG_WARN_OBJC_IMPLICIT_RETAIN_SELF = YES;
				CLANG_WARN_OBJC_LITERAL_CONVERSION = YES;
				CLANG_WARN_OBJC_ROOT_CLASS = YES_ERROR;
				CLANG_WARN_QUOTED_INCLUDE_IN_FRAMEWORK_HEADER = YES;
				CLANG_WARN_RANGE_LOOP_ANALYSIS = YES;
				CLANG_WARN_STRICT_PROTOTYPES = YES;
				CLANG_WARN_SUSPICIOUS_MOVE = YES;
				CLANG_WARN_UNGUARDED_AVAILABILITY = YES_AGGRESSIVE;
				CLANG_WARN_UNREACHABLE_CODE = YES;
				CLANG_WARN__DUPLICATE_METHOD_MATCH = YES;
				COPY_PHASE_STRIP = NO;
				DEBUG_INFORMATION_FORMAT = dwarf;
				ENABLE_STRICT_OBJC_MSGSEND = YES;
				ENABLE_TESTABILITY = YES;
				GCC_C_LANGUAGE_STANDARD = gnu11;
				GCC_DYNAMIC_NO_PIC = NO;
				GCC_NO_COMMON_BLOCKS = YES;
				GCC_OPTIMIZATION_LEVEL = 0;
				GCC_PREPROCESSOR_DEFINITIONS = (
					"DEBUG=1",
					"$(inherited)",
				);
				GCC_WARN_64_TO_32_BIT_CONVERSION = YES;
				GCC_WARN_ABOUT_RETURN_TYPE = YES_ERROR;
				GCC_WARN_UNDECLARED_SELECTOR = YES;
				GCC_WARN_UNINITIALIZED_AUTOS = YES_AGGRESSIVE;
				GCC_WARN_UNUSED_FUNCTION = YES;
				GCC_WARN_UNUSED_VARIABLE = YES;
				IPHONEOS_DEPLOYMENT_TARGET = 14.5;
				MTL_ENABLE_DEBUG_INFO = INCLUDE_SOURCE;
				MTL_FAST_MATH = YES;
				ONLY_ACTIVE_ARCH = YES;
				SDKROOT = iphoneos;
				SWIFT_ACTIVE_COMPILATION_CONDITIONS = DEBUG;
				SWIFT_OPTIMIZATION_LEVEL = "-Onone";
			};
			name = Debug;
		};
		BA23018526DD5CC80084F70F /* Release */ = {
			isa = XCBuildConfiguration;
			buildSettings = {
				ALWAYS_SEARCH_USER_PATHS = NO;
				CLANG_ANALYZER_NONNULL = YES;
				CLANG_ANALYZER_NUMBER_OBJECT_CONVERSION = YES_AGGRESSIVE;
				CLANG_CXX_LANGUAGE_STANDARD = "gnu++14";
				CLANG_CXX_LIBRARY = "libc++";
				CLANG_ENABLE_MODULES = YES;
				CLANG_ENABLE_OBJC_ARC = YES;
				CLANG_ENABLE_OBJC_WEAK = YES;
				CLANG_WARN_BLOCK_CAPTURE_AUTORELEASING = YES;
				CLANG_WARN_BOOL_CONVERSION = YES;
				CLANG_WARN_COMMA = YES;
				CLANG_WARN_CONSTANT_CONVERSION = YES;
				CLANG_WARN_DEPRECATED_OBJC_IMPLEMENTATIONS = YES;
				CLANG_WARN_DIRECT_OBJC_ISA_USAGE = YES_ERROR;
				CLANG_WARN_DOCUMENTATION_COMMENTS = YES;
				CLANG_WARN_EMPTY_BODY = YES;
				CLANG_WARN_ENUM_CONVERSION = YES;
				CLANG_WARN_INFINITE_RECURSION = YES;
				CLANG_WARN_INT_CONVERSION = YES;
				CLANG_WARN_NON_LITERAL_NULL_CONVERSION = YES;
				CLANG_WARN_OBJC_IMPLICIT_RETAIN_SELF = YES;
				CLANG_WARN_OBJC_LITERAL_CONVERSION = YES;
				CLANG_WARN_OBJC_ROOT_CLASS = YES_ERROR;
				CLANG_WARN_QUOTED_INCLUDE_IN_FRAMEWORK_HEADER = YES;
				CLANG_WARN_RANGE_LOOP_ANALYSIS = YES;
				CLANG_WARN_STRICT_PROTOTYPES = YES;
				CLANG_WARN_SUSPICIOUS_MOVE = YES;
				CLANG_WARN_UNGUARDED_AVAILABILITY = YES_AGGRESSIVE;
				CLANG_WARN_UNREACHABLE_CODE = YES;
				CLANG_WARN__DUPLICATE_METHOD_MATCH = YES;
				COPY_PHASE_STRIP = NO;
				DEBUG_INFORMATION_FORMAT = "dwarf-with-dsym";
				ENABLE_NS_ASSERTIONS = NO;
				ENABLE_STRICT_OBJC_MSGSEND = YES;
				GCC_C_LANGUAGE_STANDARD = gnu11;
				GCC_NO_COMMON_BLOCKS = YES;
				GCC_WARN_64_TO_32_BIT_CONVERSION = YES;
				GCC_WARN_ABOUT_RETURN_TYPE = YES_ERROR;
				GCC_WARN_UNDECLARED_SELECTOR = YES;
				GCC_WARN_UNINITIALIZED_AUTOS = YES_AGGRESSIVE;
				GCC_WARN_UNUSED_FUNCTION = YES;
				GCC_WARN_UNUSED_VARIABLE = YES;
				IPHONEOS_DEPLOYMENT_TARGET = 14.5;
				MTL_ENABLE_DEBUG_INFO = NO;
				MTL_FAST_MATH = YES;
				SDKROOT = iphoneos;
				SWIFT_COMPILATION_MODE = wholemodule;
				SWIFT_OPTIMIZATION_LEVEL = "-O";
				VALIDATE_PRODUCT = YES;
			};
			name = Release;
		};
		BA23018726DD5CC80084F70F /* Debug */ = {
			isa = XCBuildConfiguration;
			buildSettings = {
				ASSETCATALOG_COMPILER_APPICON_NAME = AppIcon;
				ASSETCATALOG_COMPILER_GLOBAL_ACCENT_COLOR_NAME = AccentColor;
				CODE_SIGN_STYLE = Automatic;
				DEVELOPMENT_TEAM = VQ2Z999482;
				INFOPLIST_FILE = "VK-StoryBoard/Info.plist";
				LD_RUNPATH_SEARCH_PATHS = (
					"$(inherited)",
					"@executable_path/Frameworks",
				);
				PRODUCT_BUNDLE_IDENTIFIER = "Andreyskey.VK-StoryBoard";
				PRODUCT_NAME = "$(TARGET_NAME)";
				SWIFT_VERSION = 5.0;
				TARGETED_DEVICE_FAMILY = "1,2";
			};
			name = Debug;
		};
		BA23018826DD5CC80084F70F /* Release */ = {
			isa = XCBuildConfiguration;
			buildSettings = {
				ASSETCATALOG_COMPILER_APPICON_NAME = AppIcon;
				ASSETCATALOG_COMPILER_GLOBAL_ACCENT_COLOR_NAME = AccentColor;
				CODE_SIGN_STYLE = Automatic;
				DEVELOPMENT_TEAM = VQ2Z999482;
				INFOPLIST_FILE = "VK-StoryBoard/Info.plist";
				LD_RUNPATH_SEARCH_PATHS = (
					"$(inherited)",
					"@executable_path/Frameworks",
				);
				PRODUCT_BUNDLE_IDENTIFIER = "Andreyskey.VK-StoryBoard";
				PRODUCT_NAME = "$(TARGET_NAME)";
				SWIFT_VERSION = 5.0;
				TARGETED_DEVICE_FAMILY = "1,2";
			};
			name = Release;
		};
/* End XCBuildConfiguration section */

/* Begin XCConfigurationList section */
		BA23016D26DD5CB70084F70F /* Build configuration list for PBXProject "VK-StoryBoard" */ = {
			isa = XCConfigurationList;
			buildConfigurations = (
				BA23018426DD5CC80084F70F /* Debug */,
				BA23018526DD5CC80084F70F /* Release */,
			);
			defaultConfigurationIsVisible = 0;
			defaultConfigurationName = Release;
		};
		BA23018626DD5CC80084F70F /* Build configuration list for PBXNativeTarget "VK-StoryBoard" */ = {
			isa = XCConfigurationList;
			buildConfigurations = (
				BA23018726DD5CC80084F70F /* Debug */,
				BA23018826DD5CC80084F70F /* Release */,
			);
			defaultConfigurationIsVisible = 0;
			defaultConfigurationName = Release;
		};
/* End XCConfigurationList section */
	};
	rootObject = BA23016A26DD5CB70084F70F /* Project object */;
}
